# @generated by Move, please check-in and do not edit manually.

[move]
version = 3
manifest_digest = "3BB664738BC9B2C5E611D13B2819265592FAF28E549D60482193CFE052EFDB98"
deps_digest = "F8BBB0CCB2491CA29A3DF03D6F92277A4F3574266507ACD77214D37ECA3F3082"
dependencies = [
  { id = "Sui", name = "Sui" },
]

[[move.package]]
id = "MoveStdlib"
source = { git = "https://github.com/MystenLabs/sui.git", rev = "devnet", subdir = "crates/sui-framework/packages/move-stdlib" }

[[move.package]]
id = "Sui"
source = { git = "https://github.com/MystenLabs/sui.git", rev = "devnet", subdir = "crates/sui-framework/packages/sui-framework" }

dependencies = [
  { id = "MoveStdlib", name = "MoveStdlib" },
]

[move.toolchain-version]
compiler-version = "1.48.1"
edition = "2024.beta"
flavor = "sui"

[env]

[env.devnet]
chain-id = "92578f7c"
original-published-id = "0x043d49058adf042d5c5437f436b6421b5da59ee7bcd0dc4c8176cbd01211c733"
latest-published-id = "0x043d49058adf042d5c5437f436b6421b5da59ee7bcd0dc4c8176cbd01211c733"
published-version = "1"
